{
  "name": "template",
  "version": "1.0.0",
  "lockfileVersion": 2,
  "requires": true,
  "packages": {
    "": {
      "name": "template",
      "version": "1.0.0",
      "license": "ISC",
      "dependencies": {
        "uni-read-pages": "^1.0.5",
        "uni-simple-router": "^1.5.5"
      }
    },
    "node_modules/decode-uri-component": {
      "version": "0.2.0",
      "resolved": "https://registry.npm.taobao.org/decode-uri-component/download/decode-uri-component-0.2.0.tgz",
      "integrity": "sha1-6zkTMzRYd1y4TNGh+uBiEGu4dUU=",
      "engines": {
        "node": ">=0.10"
      }
    },
    "node_modules/query-string": {
      "version": "6.13.7",
      "resolved": "https://registry.npm.taobao.org/query-string/download/query-string-6.13.7.tgz?cache=0&sync_timestamp=1604609833729&other_urls=https%3A%2F%2Fregistry.npm.taobao.org%2Fquery-string%2Fdownload%2Fquery-string-6.13.7.tgz",
      "integrity": "sha1-r1OAL/btVvM0X5LUCgVvk2gQJu4=",
      "dependencies": {
        "decode-uri-component": "^0.2.0",
        "split-on-first": "^1.0.0",
        "strict-uri-encode": "^2.0.0"
      },
      "engines": {
        "node": ">=6"
      }
    },
    "node_modules/split-on-first": {
      "version": "1.1.0",
      "resolved": "https://registry.npm.taobao.org/split-on-first/download/split-on-first-1.1.0.tgz?cache=0&sync_timestamp=1606068528764&other_urls=https%3A%2F%2Fregistry.npm.taobao.org%2Fsplit-on-first%2Fdownload%2Fsplit-on-first-1.1.0.tgz",
      "integrity": "sha1-9hCv7uOxK84dDDBCXnY5i3gkml8=",
      "engines": {
        "node": ">=6"
      }
    },
    "node_modules/strict-uri-encode": {
      "version": "2.0.0",
      "resolved": "http://registry.npm.taobao.org/strict-uri-encode/download/strict-uri-encode-2.0.0.tgz",
      "integrity": "sha1-ucczDHBChi9rFC3CdLvMWGbONUY=",
      "engines": {
        "node": ">=4"
      }
    },
    "node_modules/uni-read-pages": {
      "version": "1.0.5",
      "resolved": "https://registry.npm.taobao.org/uni-read-pages/download/uni-read-pages-1.0.5.tgz",
      "integrity": "sha1-RSyNyqiXe7rvYAkJvpJsjZcEOHw="
    },
    "node_modules/uni-simple-router": {
      "version": "1.5.5",
      "resolved": "https://registry.npm.taobao.org/uni-simple-router/download/uni-simple-router-1.5.5.tgz?cache=0&sync_timestamp=1607502730518&other_urls=https%3A%2F%2Fregistry.npm.taobao.org%2Funi-simple-router%2Fdownload%2Funi-simple-router-1.5.5.tgz",
      "integrity": "sha1-WY9K2+zpg3L3z+s7imJwibQgOJk=",
      "dependencies": {
        "query-string": "^6.12.1"
      }
    }
  },
  "dependencies": {
    "decode-uri-component": {
      "version": "0.2.0",
      "resolved": "https://registry.npm.taobao.org/decode-uri-component/download/decode-uri-component-0.2.0.tgz",
      "integrity": "sha1-6zkTMzRYd1y4TNGh+uBiEGu4dUU="
    },
    "query-string": {
      "version": "6.13.7",
      "resolved": "https://registry.npm.taobao.org/query-string/download/query-string-6.13.7.tgz?cache=0&sync_timestamp=1604609833729&other_urls=https%3A%2F%2Fregistry.npm.taobao.org%2Fquery-string%2Fdownload%2Fquery-string-6.13.7.tgz",
      "integrity": "sha1-r1OAL/btVvM0X5LUCgVvk2gQJu4=",
      "requires": {
        "decode-uri-component": "^0.2.0",
        "split-on-first": "^1.0.0",
        "strict-uri-encode": "^2.0.0"
      }
    },
    "split-on-first": {
      "version": "1.1.0",
      "resolved": "https://registry.npm.taobao.org/split-on-first/download/split-on-first-1.1.0.tgz?cache=0&sync_timestamp=1606068528764&other_urls=https%3A%2F%2Fregistry.npm.taobao.org%2Fsplit-on-first%2Fdownload%2Fsplit-on-first-1.1.0.tgz",
      "integrity": "sha1-9hCv7uOxK84dDDBCXnY5i3gkml8="
    },
    "strict-uri-encode": {
      "version": "2.0.0",
      "resolved": "http://registry.npm.taobao.org/strict-uri-encode/download/strict-uri-encode-2.0.0.tgz",
      "integrity": "sha1-ucczDHBChi9rFC3CdLvMWGbONUY="
    },
    "uni-read-pages": {
      "version": "1.0.5",
      "resolved": "https://registry.npm.taobao.org/uni-read-pages/download/uni-read-pages-1.0.5.tgz",
      "integrity": "sha1-RSyNyqiXe7rvYAkJvpJsjZcEOHw="
    },
    "uni-simple-router": {
      "version": "1.5.5",
      "resolved": "https://registry.npm.taobao.org/uni-simple-router/download/uni-simple-router-1.5.5.tgz?cache=0&sync_timestamp=1607502730518&other_urls=https%3A%2F%2Fregistry.npm.taobao.org%2Funi-simple-router%2Fdownload%2Funi-simple-router-1.5.5.tgz",
      "integrity": "sha1-WY9K2+zpg3L3z+s7imJwibQgOJk=",
      "requires": {
        "query-string": "^6.12.1"
      }
    }
  }
}
